{
  "requires": true,
  "lockfileVersion": 1,
  "dependencies": {
    "phaser-ce": {
      "version": "2.10.6",
      "resolved": "https://registry.npmjs.org/phaser-ce/-/phaser-ce-2.10.6.tgz",
      "integrity": "sha512-Vy2H0CF14dpjdO8xj5EGYUREINz5EfjdRklGYABch5kSktvXkpkrCleeJh7RDE4onihiqhWhH+kz2wh0yv/7fg=="
    }
  }
}
